<?xml version="1.0" encoding="utf-8"?>
<Project ToolsVersion="4.0" xmlns="http://schemas.microsoft.com/developer/msbuild/2003">
  <ItemGroup>
    <ClCompile Include="source\Bitmap.cpp" />
    <ClCompile Include="source\main.cpp" />
    <ClCompile Include="source\Program.cpp" />
    <ClCompile Include="source\Texture.cpp" />
    <ClCompile Include="source\Viewer.cpp" />
  </ItemGroup>
  <ItemGroup>
    <ClInclude Include="resource1.h" />
    <ClInclude Include="source\Bitmap.h" />
    <ClInclude Include="source\Program.h" />
    <ClInclude Include="source\Texture.h" />
    <ClInclude Include="source\Viewer.h" />
  </ItemGroup>
  <ItemGroup>
    <ResourceCompile Include="01_project_skeleton1.rc" />
  </ItemGroup>
  <ItemGroup>
    <None Include="Resources\hazard.png" />
    <None Include="source\fragment-shader.txt" />
    <None Include="source\vertex-shader.txt" />
  </ItemGroup>
  <ItemGroup>
    <Filter Include="source">
      <UniqueIdentifier>{92ecc9f1-ae15-4882-9eaa-8666e0ba4043}</UniqueIdentifier>
    </Filter>
    <Filter Include="Resources">
      <UniqueIdentifier>{6da46bec-f0f1-41eb-84b0-9094e6871d98}</UniqueIdentifier>
    </Filter>
  </ItemGroup>
</Project>